
Microsoft Visual Studio Solution File, Format Version 12.00
# Visual Studio Version 17
VisualStudioVersion = 17.5.002.0
MinimumVisualStudioVersion = 10.0.40219.1
Project("{9A19103F-16F7-4668-BE54-9A1E7A4F7556}") = "Assinment1", "Assinment1.csproj", "{296AB363-1B00-4719-9AEF-E28E5A3ABAC0}"
EndProject
Global
	GlobalSection(SolutionConfigurationPlatforms) = preSolution
		Debug|Any CPU = Debug|Any CPU
		Release|Any CPU = Release|Any CPU
	EndGlobalSection
	GlobalSection(ProjectConfigurationPlatforms) = postSolution
		{296AB363-1B00-4719-9AEF-E28E5A3ABAC0}.Debug|Any CPU.ActiveCfg = Debug|Any CPU
		{296AB363-1B00-4719-9AEF-E28E5A3ABAC0}.Debug|Any CPU.Build.0 = Debug|Any CPU
		{296AB363-1B00-4719-9AEF-E28E5A3ABAC0}.Release|Any CPU.ActiveCfg = Release|Any CPU
		{296AB363-1B00-4719-9AEF-E28E5A3ABAC0}.Release|Any CPU.Build.0 = Release|Any CPU
	EndGlobalSection
	GlobalSection(SolutionProperties) = preSolution
		HideSolutionNode = FALSE
	EndGlobalSection
	GlobalSection(ExtensibilityGlobals) = postSolution
		SolutionGuid = {626BE24F-7F84-4517-AFA0-80B4F6270E32}
	EndGlobalSection
EndGlobal
